
Microsoft Visual Studio Solution File, Format Version 12.00
# Visual Studio Version 17
VisualStudioVersion = 17.3.32825.248
MinimumVisualStudioVersion = 10.0.40219.1
Project("{FAE04EC0-301F-11D3-BF4B-00C04F79EFBC}") = "Lab1(charp)", "Lab1(charp)\Lab1(charp).csproj", "{6C3342FA-2FE9-4496-9298-AA29861B11D9}"
EndProject
Global
	GlobalSection(SolutionConfigurationPlatforms) = preSolution
		Debug|Any CPU = Debug|Any CPU
		Release|Any CPU = Release|Any CPU
	EndGlobalSection
	GlobalSection(ProjectConfigurationPlatforms) = postSolution
		{6C3342FA-2FE9-4496-9298-AA29861B11D9}.Debug|Any CPU.ActiveCfg = Debug|Any CPU
		{6C3342FA-2FE9-4496-9298-AA29861B11D9}.Debug|Any CPU.Build.0 = Debug|Any CPU
		{6C3342FA-2FE9-4496-9298-AA29861B11D9}.Release|Any CPU.ActiveCfg = Release|Any CPU
		{6C3342FA-2FE9-4496-9298-AA29861B11D9}.Release|Any CPU.Build.0 = Release|Any CPU
	EndGlobalSection
	GlobalSection(SolutionProperties) = preSolution
		HideSolutionNode = FALSE
	EndGlobalSection
	GlobalSection(ExtensibilityGlobals) = postSolution
		SolutionGuid = {226D5134-154F-4AB7-A658-369A54573F9B}
	EndGlobalSection
EndGlobal
